
Microsoft Visual Studio Solution File, Format Version 12.00
# Visual Studio Version 17
VisualStudioVersion = 17.1.32319.34
MinimumVisualStudioVersion = 10.0.40219.1
Project("{9A19103F-16F7-4668-BE54-9A1E7A4F7556}") = "Entidades", "Entidades\Entidades.csproj", "{61A5E8A2-1D67-4003-B714-B738CCBC3C52}"
EndProject
Project("{9A19103F-16F7-4668-BE54-9A1E7A4F7556}") = "MiCalculadora", "MiCalculadora\MiCalculadora.csproj", "{2984692D-19EE-437D-8589-FA48BB37F778}"
EndProject
Global
	GlobalSection(SolutionConfigurationPlatforms) = preSolution
		Debug|Any CPU = Debug|Any CPU
		Release|Any CPU = Release|Any CPU
	EndGlobalSection
	GlobalSection(ProjectConfigurationPlatforms) = postSolution
		{61A5E8A2-1D67-4003-B714-B738CCBC3C52}.Debug|Any CPU.ActiveCfg = Debug|Any CPU
		{61A5E8A2-1D67-4003-B714-B738CCBC3C52}.Debug|Any CPU.Build.0 = Debug|Any CPU
		{61A5E8A2-1D67-4003-B714-B738CCBC3C52}.Release|Any CPU.ActiveCfg = Release|Any CPU
		{61A5E8A2-1D67-4003-B714-B738CCBC3C52}.Release|Any CPU.Build.0 = Release|Any CPU
		{2984692D-19EE-437D-8589-FA48BB37F778}.Debug|Any CPU.ActiveCfg = Debug|Any CPU
		{2984692D-19EE-437D-8589-FA48BB37F778}.Debug|Any CPU.Build.0 = Debug|Any CPU
		{2984692D-19EE-437D-8589-FA48BB37F778}.Release|Any CPU.ActiveCfg = Release|Any CPU
		{2984692D-19EE-437D-8589-FA48BB37F778}.Release|Any CPU.Build.0 = Release|Any CPU
	EndGlobalSection
	GlobalSection(SolutionProperties) = preSolution
		HideSolutionNode = FALSE
	EndGlobalSection
	GlobalSection(ExtensibilityGlobals) = postSolution
		SolutionGuid = {1B8AFF71-645B-42C2-A81C-22AFF24BBD22}
	EndGlobalSection
EndGlobal
